
Microsoft Visual Studio Solution File, Format Version 12.00
# Visual Studio Version 17
VisualStudioVersion = 17.10.34928.147
MinimumVisualStudioVersion = 10.0.40219.1
Project("{8BC9CEB8-8B4A-11D0-8D11-00A0C91BC942}") = "Engine", "Engine\Engine.vcxproj", "{2D3E31A6-15BA-4B1C-A46E-29C40C078CB3}"
EndProject
Project("{8BC9CEB8-8B4A-11D0-8D11-00A0C91BC942}") = "Client", "Client\Client.vcxproj", "{69B724BE-C324-4190-B9FE-52A272CA3B87}"
EndProject
Global
	GlobalSection(SolutionConfigurationPlatforms) = preSolution
		Debug|x64 = Debug|x64
		Debug|x86 = Debug|x86
		Release|x64 = Release|x64
		Release|x86 = Release|x86
	EndGlobalSection
	GlobalSection(ProjectConfigurationPlatforms) = postSolution
		{2D3E31A6-15BA-4B1C-A46E-29C40C078CB3}.Debug|x64.ActiveCfg = Debug|x64
		{2D3E31A6-15BA-4B1C-A46E-29C40C078CB3}.Debug|x64.Build.0 = Debug|x64
		{2D3E31A6-15BA-4B1C-A46E-29C40C078CB3}.Debug|x86.ActiveCfg = Debug|Win32
		{2D3E31A6-15BA-4B1C-A46E-29C40C078CB3}.Debug|x86.Build.0 = Debug|Win32
		{2D3E31A6-15BA-4B1C-A46E-29C40C078CB3}.Release|x64.ActiveCfg = Release|x64
		{2D3E31A6-15BA-4B1C-A46E-29C40C078CB3}.Release|x64.Build.0 = Release|x64
		{2D3E31A6-15BA-4B1C-A46E-29C40C078CB3}.Release|x86.ActiveCfg = Release|Win32
		{2D3E31A6-15BA-4B1C-A46E-29C40C078CB3}.Release|x86.Build.0 = Release|Win32
		{69B724BE-C324-4190-B9FE-52A272CA3B87}.Debug|x64.ActiveCfg = Debug|x64
		{69B724BE-C324-4190-B9FE-52A272CA3B87}.Debug|x64.Build.0 = Debug|x64
		{69B724BE-C324-4190-B9FE-52A272CA3B87}.Debug|x86.ActiveCfg = Debug|Win32
		{69B724BE-C324-4190-B9FE-52A272CA3B87}.Debug|x86.Build.0 = Debug|Win32
		{69B724BE-C324-4190-B9FE-52A272CA3B87}.Release|x64.ActiveCfg = Release|x64
		{69B724BE-C324-4190-B9FE-52A272CA3B87}.Release|x64.Build.0 = Release|x64
		{69B724BE-C324-4190-B9FE-52A272CA3B87}.Release|x86.ActiveCfg = Release|Win32
		{69B724BE-C324-4190-B9FE-52A272CA3B87}.Release|x86.Build.0 = Release|Win32
	EndGlobalSection
	GlobalSection(SolutionProperties) = preSolution
		HideSolutionNode = FALSE
	EndGlobalSection
	GlobalSection(ExtensibilityGlobals) = postSolution
		SolutionGuid = {06032D6B-D2A5-457E-AB56-77AC10469CF5}
	EndGlobalSection
EndGlobal
